
Microsoft Visual Studio Solution File, Format Version 12.00
# Visual Studio Version 16
VisualStudioVersion = 16.0.31702.278
MinimumVisualStudioVersion = 10.0.40219.1
Project("{FAE04EC0-301F-11D3-BF4B-00C04F79EFBC}") = "Daian", "Daian\Daian.csproj", "{EABF6D87-1969-486C-8F81-28A2D10229AB}"
EndProject
Project("{FAE04EC0-301F-11D3-BF4B-00C04F79EFBC}") = "altProiect", "altProiect\altProiect.csproj", "{5FE8BE12-3F9C-45AB-A62E-678E89BFA423}"
EndProject
Global
	GlobalSection(SolutionConfigurationPlatforms) = preSolution
		Debug|Any CPU = Debug|Any CPU
		Release|Any CPU = Release|Any CPU
	EndGlobalSection
	GlobalSection(ProjectConfigurationPlatforms) = postSolution
		{EABF6D87-1969-486C-8F81-28A2D10229AB}.Debug|Any CPU.ActiveCfg = Debug|Any CPU
		{EABF6D87-1969-486C-8F81-28A2D10229AB}.Debug|Any CPU.Build.0 = Debug|Any CPU
		{EABF6D87-1969-486C-8F81-28A2D10229AB}.Release|Any CPU.ActiveCfg = Release|Any CPU
		{EABF6D87-1969-486C-8F81-28A2D10229AB}.Release|Any CPU.Build.0 = Release|Any CPU
		{5FE8BE12-3F9C-45AB-A62E-678E89BFA423}.Debug|Any CPU.ActiveCfg = Debug|Any CPU
		{5FE8BE12-3F9C-45AB-A62E-678E89BFA423}.Debug|Any CPU.Build.0 = Debug|Any CPU
		{5FE8BE12-3F9C-45AB-A62E-678E89BFA423}.Release|Any CPU.ActiveCfg = Release|Any CPU
		{5FE8BE12-3F9C-45AB-A62E-678E89BFA423}.Release|Any CPU.Build.0 = Release|Any CPU
	EndGlobalSection
	GlobalSection(SolutionProperties) = preSolution
		HideSolutionNode = FALSE
	EndGlobalSection
	GlobalSection(ExtensibilityGlobals) = postSolution
		SolutionGuid = {3ECADF97-8F09-452B-BCE7-AE64849BB2D9}
	EndGlobalSection
EndGlobal
